
Microsoft Visual Studio Solution File, Format Version 12.00
# Visual Studio Version 16
VisualStudioVersion = 16.0.31624.102
MinimumVisualStudioVersion = 10.0.40219.1
Project("{FAE04EC0-301F-11D3-BF4B-00C04F79EFBC}") = "SortingAlgorithms", "SortingAlgorithms\SortingAlgorithms.csproj", "{BAB8762D-5D96-47F5-B929-DABEA82FB8BE}"
EndProject
Global
	GlobalSection(SolutionConfigurationPlatforms) = preSolution
		Debug|Any CPU = Debug|Any CPU
		Release|Any CPU = Release|Any CPU
	EndGlobalSection
	GlobalSection(ProjectConfigurationPlatforms) = postSolution
		{BAB8762D-5D96-47F5-B929-DABEA82FB8BE}.Debug|Any CPU.ActiveCfg = Debug|Any CPU
		{BAB8762D-5D96-47F5-B929-DABEA82FB8BE}.Debug|Any CPU.Build.0 = Debug|Any CPU
		{BAB8762D-5D96-47F5-B929-DABEA82FB8BE}.Release|Any CPU.ActiveCfg = Release|Any CPU
		{BAB8762D-5D96-47F5-B929-DABEA82FB8BE}.Release|Any CPU.Build.0 = Release|Any CPU
	EndGlobalSection
	GlobalSection(SolutionProperties) = preSolution
		HideSolutionNode = FALSE
	EndGlobalSection
	GlobalSection(ExtensibilityGlobals) = postSolution
		SolutionGuid = {F3BE7169-445C-45A0-98C7-60A427E90C7A}
	EndGlobalSection
EndGlobal
